
Microsoft Visual Studio Solution File, Format Version 12.00
# Visual Studio Version 16
VisualStudioVersion = 16.0.33423.256
MinimumVisualStudioVersion = 10.0.40219.1
Project("{FAE04EC0-301F-11D3-BF4B-00C04F79EFBC}") = "Task 1", "Task 1.csproj", "{DCC82156-7F67-4E13-B945-F51B32A9B15D}"
EndProject
Global
	GlobalSection(SolutionConfigurationPlatforms) = preSolution
		Debug|Any CPU = Debug|Any CPU
		Release|Any CPU = Release|Any CPU
	EndGlobalSection
	GlobalSection(ProjectConfigurationPlatforms) = postSolution
		{DCC82156-7F67-4E13-B945-F51B32A9B15D}.Debug|Any CPU.ActiveCfg = Debug|Any CPU
		{DCC82156-7F67-4E13-B945-F51B32A9B15D}.Debug|Any CPU.Build.0 = Debug|Any CPU
		{DCC82156-7F67-4E13-B945-F51B32A9B15D}.Release|Any CPU.ActiveCfg = Release|Any CPU
		{DCC82156-7F67-4E13-B945-F51B32A9B15D}.Release|Any CPU.Build.0 = Release|Any CPU
	EndGlobalSection
	GlobalSection(SolutionProperties) = preSolution
		HideSolutionNode = FALSE
	EndGlobalSection
	GlobalSection(ExtensibilityGlobals) = postSolution
		SolutionGuid = {7A70267C-A8A2-4495-BCA3-7A9EE0DA993B}
	EndGlobalSection
EndGlobal
